Microsoft Visual Studio Solution File, Format Version 12.00
# Visual Studio 2012
Project("{FAE04EC0-301F-11D3-BF4B-00C04F79EFBC}") = "GameplayTagsPlugin", "GameplayTagsPlugin.csproj", "{530E4AA0-9AEF-46D2-B6BD-02D1E44FAEE3}"
EndProject
Global
	GlobalSection(SolutionConfigurationPlatforms) = preSolution
	Debug|Any CPU = Debug|Any CPU
	ExportDebug|Any CPU = ExportDebug|Any CPU
	ExportRelease|Any CPU = ExportRelease|Any CPU
	EndGlobalSection
	GlobalSection(ProjectConfigurationPlatforms) = postSolution
		{530E4AA0-9AEF-46D2-B6BD-02D1E44FAEE3}.Debug|Any CPU.ActiveCfg = Debug|Any CPU
		{530E4AA0-9AEF-46D2-B6BD-02D1E44FAEE3}.Debug|Any CPU.Build.0 = Debug|Any CPU
		{530E4AA0-9AEF-46D2-B6BD-02D1E44FAEE3}.ExportDebug|Any CPU.ActiveCfg = ExportDebug|Any CPU
		{530E4AA0-9AEF-46D2-B6BD-02D1E44FAEE3}.ExportDebug|Any CPU.Build.0 = ExportDebug|Any CPU
		{530E4AA0-9AEF-46D2-B6BD-02D1E44FAEE3}.ExportRelease|Any CPU.ActiveCfg = ExportRelease|Any CPU
		{530E4AA0-9AEF-46D2-B6BD-02D1E44FAEE3}.ExportRelease|Any CPU.Build.0 = ExportRelease|Any CPU
	EndGlobalSection
EndGlobal
